
Microsoft Visual Studio Solution File, Format Version 12.00
# Visual Studio Version 17
VisualStudioVersion = 17.3.32825.248
MinimumVisualStudioVersion = 10.0.40219.1
Project("{00D1A9C2-B5F0-4AF3-8072-F6C62B433612}") = "MarketDB", "MarketDB\MarketDB.sqlproj", "{87512F89-10DD-4C28-870C-118513819F6E}"
EndProject
Project("{9A19103F-16F7-4668-BE54-9A1E7A4F7556}") = "OfferAggregator.Dal", "OfferAggregator.Dal\OfferAggregator.Dal.csproj", "{7BD5B067-0A2C-408C-8530-4A872C48D341}"
EndProject
Project("{9A19103F-16F7-4668-BE54-9A1E7A4F7556}") = "OfferAggregator.Console", "OfferAggregator.Console\OfferAggregator.Console.csproj", "{A7971E56-55D7-4A06-8B7A-46E2FAA5EB38}"
EndProject
Project("{9A19103F-16F7-4668-BE54-9A1E7A4F7556}") = "OfferAggregator.Bll", "OfferAggregator.Bll\OfferAggregator.Bll.csproj", "{8958F590-144F-483E-B487-D0F4D150D3DD}"
EndProject
Project("{9A19103F-16F7-4668-BE54-9A1E7A4F7556}") = "OfferAggregator.Bll.Tests", "OfferAggregator.Bll.Tests\OfferAggregator.Bll.Tests.csproj", "{D45D631F-91D7-4948-83C8-A98A520127B0}"
EndProject
Project("{FAE04EC0-301F-11D3-BF4B-00C04F79EFBC}") = "OfferAggregator.UI", "OfferAggregator.UI\OfferAggregator.UI.csproj", "{48DE366A-CBC2-4103-A23C-55EF2CAAE824}"
EndProject
Global
	GlobalSection(SolutionConfigurationPlatforms) = preSolution
		Debug|Any CPU = Debug|Any CPU
		Release|Any CPU = Release|Any CPU
	EndGlobalSection
	GlobalSection(ProjectConfigurationPlatforms) = postSolution
		{87512F89-10DD-4C28-870C-118513819F6E}.Debug|Any CPU.ActiveCfg = Debug|Any CPU
		{87512F89-10DD-4C28-870C-118513819F6E}.Debug|Any CPU.Deploy.0 = Debug|Any CPU
		{87512F89-10DD-4C28-870C-118513819F6E}.Release|Any CPU.ActiveCfg = Release|Any CPU
		{87512F89-10DD-4C28-870C-118513819F6E}.Release|Any CPU.Build.0 = Release|Any CPU
		{87512F89-10DD-4C28-870C-118513819F6E}.Release|Any CPU.Deploy.0 = Release|Any CPU
		{7BD5B067-0A2C-408C-8530-4A872C48D341}.Debug|Any CPU.ActiveCfg = Debug|Any CPU
		{7BD5B067-0A2C-408C-8530-4A872C48D341}.Debug|Any CPU.Build.0 = Debug|Any CPU
		{7BD5B067-0A2C-408C-8530-4A872C48D341}.Release|Any CPU.ActiveCfg = Release|Any CPU
		{7BD5B067-0A2C-408C-8530-4A872C48D341}.Release|Any CPU.Build.0 = Release|Any CPU
		{A7971E56-55D7-4A06-8B7A-46E2FAA5EB38}.Debug|Any CPU.ActiveCfg = Debug|Any CPU
		{A7971E56-55D7-4A06-8B7A-46E2FAA5EB38}.Debug|Any CPU.Build.0 = Debug|Any CPU
		{A7971E56-55D7-4A06-8B7A-46E2FAA5EB38}.Release|Any CPU.ActiveCfg = Release|Any CPU
		{A7971E56-55D7-4A06-8B7A-46E2FAA5EB38}.Release|Any CPU.Build.0 = Release|Any CPU
		{8958F590-144F-483E-B487-D0F4D150D3DD}.Debug|Any CPU.ActiveCfg = Debug|Any CPU
		{8958F590-144F-483E-B487-D0F4D150D3DD}.Debug|Any CPU.Build.0 = Debug|Any CPU
		{8958F590-144F-483E-B487-D0F4D150D3DD}.Release|Any CPU.ActiveCfg = Release|Any CPU
		{8958F590-144F-483E-B487-D0F4D150D3DD}.Release|Any CPU.Build.0 = Release|Any CPU
		{D45D631F-91D7-4948-83C8-A98A520127B0}.Debug|Any CPU.ActiveCfg = Debug|Any CPU
		{D45D631F-91D7-4948-83C8-A98A520127B0}.Debug|Any CPU.Build.0 = Debug|Any CPU
		{D45D631F-91D7-4948-83C8-A98A520127B0}.Release|Any CPU.ActiveCfg = Release|Any CPU
		{D45D631F-91D7-4948-83C8-A98A520127B0}.Release|Any CPU.Build.0 = Release|Any CPU
		{48DE366A-CBC2-4103-A23C-55EF2CAAE824}.Debug|Any CPU.ActiveCfg = Debug|Any CPU
		{48DE366A-CBC2-4103-A23C-55EF2CAAE824}.Debug|Any CPU.Build.0 = Debug|Any CPU
		{48DE366A-CBC2-4103-A23C-55EF2CAAE824}.Release|Any CPU.ActiveCfg = Release|Any CPU
		{48DE366A-CBC2-4103-A23C-55EF2CAAE824}.Release|Any CPU.Build.0 = Release|Any CPU
	EndGlobalSection
	GlobalSection(SolutionProperties) = preSolution
		HideSolutionNode = FALSE
	EndGlobalSection
	GlobalSection(ExtensibilityGlobals) = postSolution
		SolutionGuid = {D606FA9B-51BF-4F5C-8363-42D81DAD58D2}
	EndGlobalSection
EndGlobal
